
Microsoft Visual Studio Solution File, Format Version 12.00
# Visual Studio Version 17
VisualStudioVersion = 17.5.33627.172
MinimumVisualStudioVersion = 10.0.40219.1
Project("{FAE04EC0-301F-11D3-BF4B-00C04F79EFBC}") = "MyWebFormsCRUD", "MyWebFormsCRUD\MyWebFormsCRUD.csproj", "{11ED88E0-B300-4423-9D76-D549498CA8E0}"
EndProject
Project("{9A19103F-16F7-4668-BE54-9A1E7A4F7556}") = "MyMVC", "MyMVC\MyMVC.csproj", "{5172A87C-6384-48F4-97C8-4E0E984D34FF}"
EndProject
Project("{9A19103F-16F7-4668-BE54-9A1E7A4F7556}") = "MyAuth", "MyAuth\MyAuth.csproj", "{D27EA0C9-6BB0-48EF-BA1E-BBE708A64C26}"
EndProject
Project("{9A19103F-16F7-4668-BE54-9A1E7A4F7556}") = "MyWebAPI", "MyWebAPI\MyWebAPI.csproj", "{BF407F8F-F545-4625-91BA-94D928A697DE}"
EndProject
Project("{9A19103F-16F7-4668-BE54-9A1E7A4F7556}") = "MyWebAPI_BasicAUTH", "MyWebAPI_BasicAUTH\MyWebAPI_BasicAUTH.csproj", "{71807D88-09F3-446F-A184-0A199AF661E1}"
EndProject
Project("{FAE04EC0-301F-11D3-BF4B-00C04F79EFBC}") = "MyWebAPI_Token", "MyWebAPI_Token\MyWebAPI_Token.csproj", "{F9153BD0-CB3A-4FF7-977C-CFABBADFE1D5}"
EndProject
Global
	GlobalSection(SolutionConfigurationPlatforms) = preSolution
		Debug|Any CPU = Debug|Any CPU
		Release|Any CPU = Release|Any CPU
	EndGlobalSection
	GlobalSection(ProjectConfigurationPlatforms) = postSolution
		{11ED88E0-B300-4423-9D76-D549498CA8E0}.Debug|Any CPU.ActiveCfg = Debug|Any CPU
		{11ED88E0-B300-4423-9D76-D549498CA8E0}.Debug|Any CPU.Build.0 = Debug|Any CPU
		{11ED88E0-B300-4423-9D76-D549498CA8E0}.Release|Any CPU.ActiveCfg = Release|Any CPU
		{11ED88E0-B300-4423-9D76-D549498CA8E0}.Release|Any CPU.Build.0 = Release|Any CPU
		{5172A87C-6384-48F4-97C8-4E0E984D34FF}.Debug|Any CPU.ActiveCfg = Debug|Any CPU
		{5172A87C-6384-48F4-97C8-4E0E984D34FF}.Debug|Any CPU.Build.0 = Debug|Any CPU
		{5172A87C-6384-48F4-97C8-4E0E984D34FF}.Release|Any CPU.ActiveCfg = Release|Any CPU
		{5172A87C-6384-48F4-97C8-4E0E984D34FF}.Release|Any CPU.Build.0 = Release|Any CPU
		{D27EA0C9-6BB0-48EF-BA1E-BBE708A64C26}.Debug|Any CPU.ActiveCfg = Debug|Any CPU
		{D27EA0C9-6BB0-48EF-BA1E-BBE708A64C26}.Debug|Any CPU.Build.0 = Debug|Any CPU
		{D27EA0C9-6BB0-48EF-BA1E-BBE708A64C26}.Release|Any CPU.ActiveCfg = Release|Any CPU
		{D27EA0C9-6BB0-48EF-BA1E-BBE708A64C26}.Release|Any CPU.Build.0 = Release|Any CPU
		{BF407F8F-F545-4625-91BA-94D928A697DE}.Debug|Any CPU.ActiveCfg = Debug|Any CPU
		{BF407F8F-F545-4625-91BA-94D928A697DE}.Debug|Any CPU.Build.0 = Debug|Any CPU
		{BF407F8F-F545-4625-91BA-94D928A697DE}.Release|Any CPU.ActiveCfg = Release|Any CPU
		{BF407F8F-F545-4625-91BA-94D928A697DE}.Release|Any CPU.Build.0 = Release|Any CPU
		{71807D88-09F3-446F-A184-0A199AF661E1}.Debug|Any CPU.ActiveCfg = Debug|Any CPU
		{71807D88-09F3-446F-A184-0A199AF661E1}.Debug|Any CPU.Build.0 = Debug|Any CPU
		{71807D88-09F3-446F-A184-0A199AF661E1}.Release|Any CPU.ActiveCfg = Release|Any CPU
		{71807D88-09F3-446F-A184-0A199AF661E1}.Release|Any CPU.Build.0 = Release|Any CPU
		{F9153BD0-CB3A-4FF7-977C-CFABBADFE1D5}.Debug|Any CPU.ActiveCfg = Debug|Any CPU
		{F9153BD0-CB3A-4FF7-977C-CFABBADFE1D5}.Debug|Any CPU.Build.0 = Debug|Any CPU
		{F9153BD0-CB3A-4FF7-977C-CFABBADFE1D5}.Release|Any CPU.ActiveCfg = Release|Any CPU
		{F9153BD0-CB3A-4FF7-977C-CFABBADFE1D5}.Release|Any CPU.Build.0 = Release|Any CPU
	EndGlobalSection
	GlobalSection(SolutionProperties) = preSolution
		HideSolutionNode = FALSE
	EndGlobalSection
	GlobalSection(ExtensibilityGlobals) = postSolution
		SolutionGuid = {CF81EEB2-392F-4B77-ABB3-38F28BAF4C70}
	EndGlobalSection
EndGlobal
